
Microsoft Visual Studio Solution File, Format Version 12.00
# Visual Studio Version 16
VisualStudioVersion = 16.0.29318.209
MinimumVisualStudioVersion = 10.0.40219.1
Project("{9A19103F-16F7-4668-BE54-9A1E7A4F7556}") = "AspNetCoreTestSite", "tests\AspNetCoreTestSite\AspNetCoreTestSite.csproj", "{CAAEC7DB-9112-44E4-9692-E434FC45824F}"
EndProject
Project("{2150E333-8FDC-42A3-9474-1A3956D46DE8}") = "tests", "tests", "{56160BAD-F64E-410B-88C3-B385A8200FBE}"
EndProject
Project("{2150E333-8FDC-42A3-9474-1A3956D46DE8}") = "assets", "assets", "{06A25C01-C8FB-4AD6-88F4-21ABA07A9F78}"
	ProjectSection(SolutionItems) = preProject
		assets\Argus-Logo-Purple-64.png = assets\Argus-Logo-Purple-64.png
	EndProjectSection
EndProject
Project("{2150E333-8FDC-42A3-9474-1A3956D46DE8}") = "docs", "docs", "{0D58909C-9232-496C-91D4-03A641EF2993}"
	ProjectSection(SolutionItems) = preProject
		LICENSE = LICENSE
		README.md = README.md
		UsefulLibraries.md = UsefulLibraries.md
	EndProjectSection
EndProject
Project("{9A19103F-16F7-4668-BE54-9A1E7A4F7556}") = "Argus.AspNetCore", "src\Argus.AspNetCore\Argus.AspNetCore.csproj", "{1F816CD0-7DBD-4D2E-B397-7F90F3764C23}"
EndProject
Project("{9A19103F-16F7-4668-BE54-9A1E7A4F7556}") = "Argus.Core", "src\Argus.Core\Argus.Core.csproj", "{384F26B8-3A06-4690-B90A-BEB4746C69C3}"
EndProject
Project("{9A19103F-16F7-4668-BE54-9A1E7A4F7556}") = "Argus.Graphics", "src\Argus.Graphics\Argus.Graphics.csproj", "{8DE43A75-49FC-4347-B05B-25D0521F5221}"
EndProject
Project("{9A19103F-16F7-4668-BE54-9A1E7A4F7556}") = "Argus.Office", "src\Argus.Office\Argus.Office.csproj", "{1E22C275-4F9B-403C-BFB8-41E6218B8F4F}"
EndProject
Project("{9A19103F-16F7-4668-BE54-9A1E7A4F7556}") = "Argus.SocialMedia", "src\Argus.SocialMedia\Argus.SocialMedia.csproj", "{00FBD2AE-69A9-48BF-AEDC-15ED97E245FA}"
EndProject
Project("{FAE04EC0-301F-11D3-BF4B-00C04F79EFBC}") = "Argus.Windows.Wpf", "src\Argus.Windows.Wpf\Argus.Windows.Wpf.csproj", "{A3E53916-5C0F-44B4-AE31-3C3620B900B5}"
EndProject
Global
	GlobalSection(SolutionConfigurationPlatforms) = preSolution
		Debug|Any CPU = Debug|Any CPU
		Release|Any CPU = Release|Any CPU
	EndGlobalSection
	GlobalSection(ProjectConfigurationPlatforms) = postSolution
		{CAAEC7DB-9112-44E4-9692-E434FC45824F}.Debug|Any CPU.ActiveCfg = Debug|Any CPU
		{CAAEC7DB-9112-44E4-9692-E434FC45824F}.Debug|Any CPU.Build.0 = Debug|Any CPU
		{CAAEC7DB-9112-44E4-9692-E434FC45824F}.Release|Any CPU.ActiveCfg = Release|Any CPU
		{CAAEC7DB-9112-44E4-9692-E434FC45824F}.Release|Any CPU.Build.0 = Release|Any CPU
		{1F816CD0-7DBD-4D2E-B397-7F90F3764C23}.Debug|Any CPU.ActiveCfg = Debug|Any CPU
		{1F816CD0-7DBD-4D2E-B397-7F90F3764C23}.Debug|Any CPU.Build.0 = Debug|Any CPU
		{1F816CD0-7DBD-4D2E-B397-7F90F3764C23}.Release|Any CPU.ActiveCfg = Release|Any CPU
		{1F816CD0-7DBD-4D2E-B397-7F90F3764C23}.Release|Any CPU.Build.0 = Release|Any CPU
		{384F26B8-3A06-4690-B90A-BEB4746C69C3}.Debug|Any CPU.ActiveCfg = Debug|Any CPU
		{384F26B8-3A06-4690-B90A-BEB4746C69C3}.Debug|Any CPU.Build.0 = Debug|Any CPU
		{384F26B8-3A06-4690-B90A-BEB4746C69C3}.Release|Any CPU.ActiveCfg = Release|Any CPU
		{384F26B8-3A06-4690-B90A-BEB4746C69C3}.Release|Any CPU.Build.0 = Release|Any CPU
		{8DE43A75-49FC-4347-B05B-25D0521F5221}.Debug|Any CPU.ActiveCfg = Debug|Any CPU
		{8DE43A75-49FC-4347-B05B-25D0521F5221}.Debug|Any CPU.Build.0 = Debug|Any CPU
		{8DE43A75-49FC-4347-B05B-25D0521F5221}.Release|Any CPU.ActiveCfg = Release|Any CPU
		{8DE43A75-49FC-4347-B05B-25D0521F5221}.Release|Any CPU.Build.0 = Release|Any CPU
		{1E22C275-4F9B-403C-BFB8-41E6218B8F4F}.Debug|Any CPU.ActiveCfg = Debug|Any CPU
		{1E22C275-4F9B-403C-BFB8-41E6218B8F4F}.Debug|Any CPU.Build.0 = Debug|Any CPU
		{1E22C275-4F9B-403C-BFB8-41E6218B8F4F}.Release|Any CPU.ActiveCfg = Release|Any CPU
		{1E22C275-4F9B-403C-BFB8-41E6218B8F4F}.Release|Any CPU.Build.0 = Release|Any CPU
		{00FBD2AE-69A9-48BF-AEDC-15ED97E245FA}.Debug|Any CPU.ActiveCfg = Debug|Any CPU
		{00FBD2AE-69A9-48BF-AEDC-15ED97E245FA}.Debug|Any CPU.Build.0 = Debug|Any CPU
		{00FBD2AE-69A9-48BF-AEDC-15ED97E245FA}.Release|Any CPU.ActiveCfg = Release|Any CPU
		{00FBD2AE-69A9-48BF-AEDC-15ED97E245FA}.Release|Any CPU.Build.0 = Release|Any CPU
		{A3E53916-5C0F-44B4-AE31-3C3620B900B5}.Debug|Any CPU.ActiveCfg = Debug|Any CPU
		{A3E53916-5C0F-44B4-AE31-3C3620B900B5}.Debug|Any CPU.Build.0 = Debug|Any CPU
		{A3E53916-5C0F-44B4-AE31-3C3620B900B5}.Release|Any CPU.ActiveCfg = Release|Any CPU
		{A3E53916-5C0F-44B4-AE31-3C3620B900B5}.Release|Any CPU.Build.0 = Release|Any CPU
	EndGlobalSection
	GlobalSection(SolutionProperties) = preSolution
		HideSolutionNode = FALSE
	EndGlobalSection
	GlobalSection(NestedProjects) = preSolution
		{CAAEC7DB-9112-44E4-9692-E434FC45824F} = {56160BAD-F64E-410B-88C3-B385A8200FBE}
	EndGlobalSection
	GlobalSection(ExtensibilityGlobals) = postSolution
		SolutionGuid = {0D7AEAC5-150D-4C4D-90E8-3330DFD330CB}
	EndGlobalSection
EndGlobal
