
Microsoft Visual Studio Solution File, Format Version 12.00
# Visual Studio Version 17
VisualStudioVersion = 17.0.32126.317
MinimumVisualStudioVersion = 10.0.40219.1
Project("{2150E333-8FDC-42A3-9474-1A3956D46DE8}") = "tests", "tests", "{56160BAD-F64E-410B-88C3-B385A8200FBE}"
EndProject
Project("{2150E333-8FDC-42A3-9474-1A3956D46DE8}") = "assets", "assets", "{06A25C01-C8FB-4AD6-88F4-21ABA07A9F78}"
	ProjectSection(SolutionItems) = preProject
		assets\Argus-Logo-Purple-64.png = assets\Argus-Logo-Purple-64.png
	EndProjectSection
EndProject
Project("{2150E333-8FDC-42A3-9474-1A3956D46DE8}") = "docs", "docs", "{0D58909C-9232-496C-91D4-03A641EF2993}"
	ProjectSection(SolutionItems) = preProject
		LICENSE = LICENSE
		README.md = README.md
		UsefulLibraries.md = UsefulLibraries.md
	EndProjectSection
EndProject
Project("{9A19103F-16F7-4668-BE54-9A1E7A4F7556}") = "Argus.AspNetCore", "src\Argus.AspNetCore\Argus.AspNetCore.csproj", "{1F816CD0-7DBD-4D2E-B397-7F90F3764C23}"
EndProject
Project("{9A19103F-16F7-4668-BE54-9A1E7A4F7556}") = "Argus.Core", "src\Argus.Core\Argus.Core.csproj", "{384F26B8-3A06-4690-B90A-BEB4746C69C3}"
EndProject
Project("{9A19103F-16F7-4668-BE54-9A1E7A4F7556}") = "Argus.Graphics", "src\Argus.Graphics\Argus.Graphics.csproj", "{8DE43A75-49FC-4347-B05B-25D0521F5221}"
EndProject
Project("{9A19103F-16F7-4668-BE54-9A1E7A4F7556}") = "Argus.Office", "src\Argus.Office\Argus.Office.csproj", "{1E22C275-4F9B-403C-BFB8-41E6218B8F4F}"
EndProject
Project("{FAE04EC0-301F-11D3-BF4B-00C04F79EFBC}") = "WinFormsTestApp", "tests\WinFormsTestApp\WinFormsTestApp.csproj", "{797578C6-37F9-46F8-A2FE-EE2418B6F1B8}"
EndProject
Project("{9A19103F-16F7-4668-BE54-9A1E7A4F7556}") = "WpfAppTestApp", "tests\WpfAppTestApp\WpfAppTestApp.csproj", "{06B7E4DB-B178-43BE-BFFD-6B0BD6F63028}"
EndProject
Project("{9A19103F-16F7-4668-BE54-9A1E7A4F7556}") = "Argus.Windows.Forms", "src\Argus.Windows.Forms\Argus.Windows.Forms.csproj", "{F541DFF3-D399-4F33-8639-6ED30D3A5D75}"
EndProject
Project("{9A19103F-16F7-4668-BE54-9A1E7A4F7556}") = "Argus.Windows", "src\Argus.Windows\Argus.Windows.csproj", "{D3FABC46-D372-4DCD-8BA0-F2C8972D221C}"
EndProject
Project("{9A19103F-16F7-4668-BE54-9A1E7A4F7556}") = "BenchmarkConsoleProject", "tests\BenchmarkConsoleProject\BenchmarkConsoleProject\BenchmarkConsoleProject.csproj", "{AA33F11B-39F5-4364-81DD-9D8588F398BF}"
EndProject
Project("{9A19103F-16F7-4668-BE54-9A1E7A4F7556}") = "Argus.Audio.NAudio", "src\Argus.Audio.NAudio\Argus.Audio.NAudio.csproj", "{CEE6BC10-2907-4506-937E-EBA807C6BD7C}"
EndProject
Project("{9A19103F-16F7-4668-BE54-9A1E7A4F7556}") = "Argus.UnitTests", "tests\Argus.UnitTests\Argus.UnitTests.csproj", "{234B10D8-3250-4339-A693-71B27927A139}"
EndProject
Project("{9A19103F-16F7-4668-BE54-9A1E7A4F7556}") = "ConsoleTest", "src\ConsoleTest\ConsoleTest.csproj", "{BA9A0FF4-6AE1-4056-BDD4-3EBAAA4DEFC8}"
EndProject
Global
	GlobalSection(SolutionConfigurationPlatforms) = preSolution
		Debug|Any CPU = Debug|Any CPU
		Debug|ARM = Debug|ARM
		Debug|ARM64 = Debug|ARM64
		Debug|x64 = Debug|x64
		Debug|x86 = Debug|x86
		Release|Any CPU = Release|Any CPU
		Release|ARM = Release|ARM
		Release|ARM64 = Release|ARM64
		Release|x64 = Release|x64
		Release|x86 = Release|x86
	EndGlobalSection
	GlobalSection(ProjectConfigurationPlatforms) = postSolution
		{1F816CD0-7DBD-4D2E-B397-7F90F3764C23}.Debug|Any CPU.ActiveCfg = Debug|Any CPU
		{1F816CD0-7DBD-4D2E-B397-7F90F3764C23}.Debug|Any CPU.Build.0 = Debug|Any CPU
		{1F816CD0-7DBD-4D2E-B397-7F90F3764C23}.Debug|ARM.ActiveCfg = Debug|Any CPU
		{1F816CD0-7DBD-4D2E-B397-7F90F3764C23}.Debug|ARM.Build.0 = Debug|Any CPU
		{1F816CD0-7DBD-4D2E-B397-7F90F3764C23}.Debug|ARM64.ActiveCfg = Debug|Any CPU
		{1F816CD0-7DBD-4D2E-B397-7F90F3764C23}.Debug|ARM64.Build.0 = Debug|Any CPU
		{1F816CD0-7DBD-4D2E-B397-7F90F3764C23}.Debug|x64.ActiveCfg = Debug|Any CPU
		{1F816CD0-7DBD-4D2E-B397-7F90F3764C23}.Debug|x64.Build.0 = Debug|Any CPU
		{1F816CD0-7DBD-4D2E-B397-7F90F3764C23}.Debug|x86.ActiveCfg = Debug|Any CPU
		{1F816CD0-7DBD-4D2E-B397-7F90F3764C23}.Debug|x86.Build.0 = Debug|Any CPU
		{1F816CD0-7DBD-4D2E-B397-7F90F3764C23}.Release|Any CPU.ActiveCfg = Release|Any CPU
		{1F816CD0-7DBD-4D2E-B397-7F90F3764C23}.Release|Any CPU.Build.0 = Release|Any CPU
		{1F816CD0-7DBD-4D2E-B397-7F90F3764C23}.Release|ARM.ActiveCfg = Release|Any CPU
		{1F816CD0-7DBD-4D2E-B397-7F90F3764C23}.Release|ARM.Build.0 = Release|Any CPU
		{1F816CD0-7DBD-4D2E-B397-7F90F3764C23}.Release|ARM64.ActiveCfg = Release|Any CPU
		{1F816CD0-7DBD-4D2E-B397-7F90F3764C23}.Release|ARM64.Build.0 = Release|Any CPU
		{1F816CD0-7DBD-4D2E-B397-7F90F3764C23}.Release|x64.ActiveCfg = Release|Any CPU
		{1F816CD0-7DBD-4D2E-B397-7F90F3764C23}.Release|x64.Build.0 = Release|Any CPU
		{1F816CD0-7DBD-4D2E-B397-7F90F3764C23}.Release|x86.ActiveCfg = Release|Any CPU
		{1F816CD0-7DBD-4D2E-B397-7F90F3764C23}.Release|x86.Build.0 = Release|Any CPU
		{384F26B8-3A06-4690-B90A-BEB4746C69C3}.Debug|Any CPU.ActiveCfg = Debug|Any CPU
		{384F26B8-3A06-4690-B90A-BEB4746C69C3}.Debug|Any CPU.Build.0 = Debug|Any CPU
		{384F26B8-3A06-4690-B90A-BEB4746C69C3}.Debug|ARM.ActiveCfg = Debug|Any CPU
		{384F26B8-3A06-4690-B90A-BEB4746C69C3}.Debug|ARM.Build.0 = Debug|Any CPU
		{384F26B8-3A06-4690-B90A-BEB4746C69C3}.Debug|ARM64.ActiveCfg = Debug|Any CPU
		{384F26B8-3A06-4690-B90A-BEB4746C69C3}.Debug|ARM64.Build.0 = Debug|Any CPU
		{384F26B8-3A06-4690-B90A-BEB4746C69C3}.Debug|x64.ActiveCfg = Debug|Any CPU
		{384F26B8-3A06-4690-B90A-BEB4746C69C3}.Debug|x64.Build.0 = Debug|Any CPU
		{384F26B8-3A06-4690-B90A-BEB4746C69C3}.Debug|x86.ActiveCfg = Debug|Any CPU
		{384F26B8-3A06-4690-B90A-BEB4746C69C3}.Debug|x86.Build.0 = Debug|Any CPU
		{384F26B8-3A06-4690-B90A-BEB4746C69C3}.Release|Any CPU.ActiveCfg = Release|Any CPU
		{384F26B8-3A06-4690-B90A-BEB4746C69C3}.Release|Any CPU.Build.0 = Release|Any CPU
		{384F26B8-3A06-4690-B90A-BEB4746C69C3}.Release|ARM.ActiveCfg = Release|Any CPU
		{384F26B8-3A06-4690-B90A-BEB4746C69C3}.Release|ARM.Build.0 = Release|Any CPU
		{384F26B8-3A06-4690-B90A-BEB4746C69C3}.Release|ARM64.ActiveCfg = Release|Any CPU
		{384F26B8-3A06-4690-B90A-BEB4746C69C3}.Release|ARM64.Build.0 = Release|Any CPU
		{384F26B8-3A06-4690-B90A-BEB4746C69C3}.Release|x64.ActiveCfg = Release|Any CPU
		{384F26B8-3A06-4690-B90A-BEB4746C69C3}.Release|x64.Build.0 = Release|Any CPU
		{384F26B8-3A06-4690-B90A-BEB4746C69C3}.Release|x86.ActiveCfg = Release|Any CPU
		{384F26B8-3A06-4690-B90A-BEB4746C69C3}.Release|x86.Build.0 = Release|Any CPU
		{8DE43A75-49FC-4347-B05B-25D0521F5221}.Debug|Any CPU.ActiveCfg = Debug|Any CPU
		{8DE43A75-49FC-4347-B05B-25D0521F5221}.Debug|Any CPU.Build.0 = Debug|Any CPU
		{8DE43A75-49FC-4347-B05B-25D0521F5221}.Debug|ARM.ActiveCfg = Debug|Any CPU
		{8DE43A75-49FC-4347-B05B-25D0521F5221}.Debug|ARM.Build.0 = Debug|Any CPU
		{8DE43A75-49FC-4347-B05B-25D0521F5221}.Debug|ARM64.ActiveCfg = Debug|Any CPU
		{8DE43A75-49FC-4347-B05B-25D0521F5221}.Debug|ARM64.Build.0 = Debug|Any CPU
		{8DE43A75-49FC-4347-B05B-25D0521F5221}.Debug|x64.ActiveCfg = Debug|Any CPU
		{8DE43A75-49FC-4347-B05B-25D0521F5221}.Debug|x64.Build.0 = Debug|Any CPU
		{8DE43A75-49FC-4347-B05B-25D0521F5221}.Debug|x86.ActiveCfg = Debug|Any CPU
		{8DE43A75-49FC-4347-B05B-25D0521F5221}.Debug|x86.Build.0 = Debug|Any CPU
		{8DE43A75-49FC-4347-B05B-25D0521F5221}.Release|Any CPU.ActiveCfg = Release|Any CPU
		{8DE43A75-49FC-4347-B05B-25D0521F5221}.Release|Any CPU.Build.0 = Release|Any CPU
		{8DE43A75-49FC-4347-B05B-25D0521F5221}.Release|ARM.ActiveCfg = Release|Any CPU
		{8DE43A75-49FC-4347-B05B-25D0521F5221}.Release|ARM.Build.0 = Release|Any CPU
		{8DE43A75-49FC-4347-B05B-25D0521F5221}.Release|ARM64.ActiveCfg = Release|Any CPU
		{8DE43A75-49FC-4347-B05B-25D0521F5221}.Release|ARM64.Build.0 = Release|Any CPU
		{8DE43A75-49FC-4347-B05B-25D0521F5221}.Release|x64.ActiveCfg = Release|Any CPU
		{8DE43A75-49FC-4347-B05B-25D0521F5221}.Release|x64.Build.0 = Release|Any CPU
		{8DE43A75-49FC-4347-B05B-25D0521F5221}.Release|x86.ActiveCfg = Release|Any CPU
		{8DE43A75-49FC-4347-B05B-25D0521F5221}.Release|x86.Build.0 = Release|Any CPU
		{1E22C275-4F9B-403C-BFB8-41E6218B8F4F}.Debug|Any CPU.ActiveCfg = Debug|Any CPU
		{1E22C275-4F9B-403C-BFB8-41E6218B8F4F}.Debug|Any CPU.Build.0 = Debug|Any CPU
		{1E22C275-4F9B-403C-BFB8-41E6218B8F4F}.Debug|ARM.ActiveCfg = Debug|Any CPU
		{1E22C275-4F9B-403C-BFB8-41E6218B8F4F}.Debug|ARM.Build.0 = Debug|Any CPU
		{1E22C275-4F9B-403C-BFB8-41E6218B8F4F}.Debug|ARM64.ActiveCfg = Debug|Any CPU
		{1E22C275-4F9B-403C-BFB8-41E6218B8F4F}.Debug|ARM64.Build.0 = Debug|Any CPU
		{1E22C275-4F9B-403C-BFB8-41E6218B8F4F}.Debug|x64.ActiveCfg = Debug|Any CPU
		{1E22C275-4F9B-403C-BFB8-41E6218B8F4F}.Debug|x64.Build.0 = Debug|Any CPU
		{1E22C275-4F9B-403C-BFB8-41E6218B8F4F}.Debug|x86.ActiveCfg = Debug|Any CPU
		{1E22C275-4F9B-403C-BFB8-41E6218B8F4F}.Debug|x86.Build.0 = Debug|Any CPU
		{1E22C275-4F9B-403C-BFB8-41E6218B8F4F}.Release|Any CPU.ActiveCfg = Release|Any CPU
		{1E22C275-4F9B-403C-BFB8-41E6218B8F4F}.Release|Any CPU.Build.0 = Release|Any CPU
		{1E22C275-4F9B-403C-BFB8-41E6218B8F4F}.Release|ARM.ActiveCfg = Release|Any CPU
		{1E22C275-4F9B-403C-BFB8-41E6218B8F4F}.Release|ARM.Build.0 = Release|Any CPU
		{1E22C275-4F9B-403C-BFB8-41E6218B8F4F}.Release|ARM64.ActiveCfg = Release|Any CPU
		{1E22C275-4F9B-403C-BFB8-41E6218B8F4F}.Release|ARM64.Build.0 = Release|Any CPU
		{1E22C275-4F9B-403C-BFB8-41E6218B8F4F}.Release|x64.ActiveCfg = Release|Any CPU
		{1E22C275-4F9B-403C-BFB8-41E6218B8F4F}.Release|x64.Build.0 = Release|Any CPU
		{1E22C275-4F9B-403C-BFB8-41E6218B8F4F}.Release|x86.ActiveCfg = Release|Any CPU
		{1E22C275-4F9B-403C-BFB8-41E6218B8F4F}.Release|x86.Build.0 = Release|Any CPU
		{797578C6-37F9-46F8-A2FE-EE2418B6F1B8}.Debug|Any CPU.ActiveCfg = Debug|Any CPU
		{797578C6-37F9-46F8-A2FE-EE2418B6F1B8}.Debug|Any CPU.Build.0 = Debug|Any CPU
		{797578C6-37F9-46F8-A2FE-EE2418B6F1B8}.Debug|ARM.ActiveCfg = Debug|Any CPU
		{797578C6-37F9-46F8-A2FE-EE2418B6F1B8}.Debug|ARM.Build.0 = Debug|Any CPU
		{797578C6-37F9-46F8-A2FE-EE2418B6F1B8}.Debug|ARM64.ActiveCfg = Debug|Any CPU
		{797578C6-37F9-46F8-A2FE-EE2418B6F1B8}.Debug|ARM64.Build.0 = Debug|Any CPU
		{797578C6-37F9-46F8-A2FE-EE2418B6F1B8}.Debug|x64.ActiveCfg = Debug|Any CPU
		{797578C6-37F9-46F8-A2FE-EE2418B6F1B8}.Debug|x64.Build.0 = Debug|Any CPU
		{797578C6-37F9-46F8-A2FE-EE2418B6F1B8}.Debug|x86.ActiveCfg = Debug|Any CPU
		{797578C6-37F9-46F8-A2FE-EE2418B6F1B8}.Debug|x86.Build.0 = Debug|Any CPU
		{797578C6-37F9-46F8-A2FE-EE2418B6F1B8}.Release|Any CPU.ActiveCfg = Release|Any CPU
		{797578C6-37F9-46F8-A2FE-EE2418B6F1B8}.Release|Any CPU.Build.0 = Release|Any CPU
		{797578C6-37F9-46F8-A2FE-EE2418B6F1B8}.Release|ARM.ActiveCfg = Release|Any CPU
		{797578C6-37F9-46F8-A2FE-EE2418B6F1B8}.Release|ARM.Build.0 = Release|Any CPU
		{797578C6-37F9-46F8-A2FE-EE2418B6F1B8}.Release|ARM64.ActiveCfg = Release|Any CPU
		{797578C6-37F9-46F8-A2FE-EE2418B6F1B8}.Release|ARM64.Build.0 = Release|Any CPU
		{797578C6-37F9-46F8-A2FE-EE2418B6F1B8}.Release|x64.ActiveCfg = Release|Any CPU
		{797578C6-37F9-46F8-A2FE-EE2418B6F1B8}.Release|x64.Build.0 = Release|Any CPU
		{797578C6-37F9-46F8-A2FE-EE2418B6F1B8}.Release|x86.ActiveCfg = Release|Any CPU
		{797578C6-37F9-46F8-A2FE-EE2418B6F1B8}.Release|x86.Build.0 = Release|Any CPU
		{06B7E4DB-B178-43BE-BFFD-6B0BD6F63028}.Debug|Any CPU.ActiveCfg = Debug|Any CPU
		{06B7E4DB-B178-43BE-BFFD-6B0BD6F63028}.Debug|Any CPU.Build.0 = Debug|Any CPU
		{06B7E4DB-B178-43BE-BFFD-6B0BD6F63028}.Debug|ARM.ActiveCfg = Debug|Any CPU
		{06B7E4DB-B178-43BE-BFFD-6B0BD6F63028}.Debug|ARM.Build.0 = Debug|Any CPU
		{06B7E4DB-B178-43BE-BFFD-6B0BD6F63028}.Debug|ARM64.ActiveCfg = Debug|Any CPU
		{06B7E4DB-B178-43BE-BFFD-6B0BD6F63028}.Debug|ARM64.Build.0 = Debug|Any CPU
		{06B7E4DB-B178-43BE-BFFD-6B0BD6F63028}.Debug|x64.ActiveCfg = Debug|Any CPU
		{06B7E4DB-B178-43BE-BFFD-6B0BD6F63028}.Debug|x64.Build.0 = Debug|Any CPU
		{06B7E4DB-B178-43BE-BFFD-6B0BD6F63028}.Debug|x86.ActiveCfg = Debug|Any CPU
		{06B7E4DB-B178-43BE-BFFD-6B0BD6F63028}.Debug|x86.Build.0 = Debug|Any CPU
		{06B7E4DB-B178-43BE-BFFD-6B0BD6F63028}.Release|Any CPU.ActiveCfg = Release|Any CPU
		{06B7E4DB-B178-43BE-BFFD-6B0BD6F63028}.Release|Any CPU.Build.0 = Release|Any CPU
		{06B7E4DB-B178-43BE-BFFD-6B0BD6F63028}.Release|ARM.ActiveCfg = Release|Any CPU
		{06B7E4DB-B178-43BE-BFFD-6B0BD6F63028}.Release|ARM.Build.0 = Release|Any CPU
		{06B7E4DB-B178-43BE-BFFD-6B0BD6F63028}.Release|ARM64.ActiveCfg = Release|Any CPU
		{06B7E4DB-B178-43BE-BFFD-6B0BD6F63028}.Release|ARM64.Build.0 = Release|Any CPU
		{06B7E4DB-B178-43BE-BFFD-6B0BD6F63028}.Release|x64.ActiveCfg = Release|Any CPU
		{06B7E4DB-B178-43BE-BFFD-6B0BD6F63028}.Release|x64.Build.0 = Release|Any CPU
		{06B7E4DB-B178-43BE-BFFD-6B0BD6F63028}.Release|x86.ActiveCfg = Release|Any CPU
		{06B7E4DB-B178-43BE-BFFD-6B0BD6F63028}.Release|x86.Build.0 = Release|Any CPU
		{F541DFF3-D399-4F33-8639-6ED30D3A5D75}.Debug|Any CPU.ActiveCfg = Debug|Any CPU
		{F541DFF3-D399-4F33-8639-6ED30D3A5D75}.Debug|Any CPU.Build.0 = Debug|Any CPU
		{F541DFF3-D399-4F33-8639-6ED30D3A5D75}.Debug|ARM.ActiveCfg = Debug|Any CPU
		{F541DFF3-D399-4F33-8639-6ED30D3A5D75}.Debug|ARM.Build.0 = Debug|Any CPU
		{F541DFF3-D399-4F33-8639-6ED30D3A5D75}.Debug|ARM64.ActiveCfg = Debug|Any CPU
		{F541DFF3-D399-4F33-8639-6ED30D3A5D75}.Debug|ARM64.Build.0 = Debug|Any CPU
		{F541DFF3-D399-4F33-8639-6ED30D3A5D75}.Debug|x64.ActiveCfg = Debug|Any CPU
		{F541DFF3-D399-4F33-8639-6ED30D3A5D75}.Debug|x64.Build.0 = Debug|Any CPU
		{F541DFF3-D399-4F33-8639-6ED30D3A5D75}.Debug|x86.ActiveCfg = Debug|Any CPU
		{F541DFF3-D399-4F33-8639-6ED30D3A5D75}.Debug|x86.Build.0 = Debug|Any CPU
		{F541DFF3-D399-4F33-8639-6ED30D3A5D75}.Release|Any CPU.ActiveCfg = Release|Any CPU
		{F541DFF3-D399-4F33-8639-6ED30D3A5D75}.Release|Any CPU.Build.0 = Release|Any CPU
		{F541DFF3-D399-4F33-8639-6ED30D3A5D75}.Release|ARM.ActiveCfg = Release|Any CPU
		{F541DFF3-D399-4F33-8639-6ED30D3A5D75}.Release|ARM.Build.0 = Release|Any CPU
		{F541DFF3-D399-4F33-8639-6ED30D3A5D75}.Release|ARM64.ActiveCfg = Release|Any CPU
		{F541DFF3-D399-4F33-8639-6ED30D3A5D75}.Release|ARM64.Build.0 = Release|Any CPU
		{F541DFF3-D399-4F33-8639-6ED30D3A5D75}.Release|x64.ActiveCfg = Release|Any CPU
		{F541DFF3-D399-4F33-8639-6ED30D3A5D75}.Release|x64.Build.0 = Release|Any CPU
		{F541DFF3-D399-4F33-8639-6ED30D3A5D75}.Release|x86.ActiveCfg = Release|Any CPU
		{F541DFF3-D399-4F33-8639-6ED30D3A5D75}.Release|x86.Build.0 = Release|Any CPU
		{D3FABC46-D372-4DCD-8BA0-F2C8972D221C}.Debug|Any CPU.ActiveCfg = Debug|Any CPU
		{D3FABC46-D372-4DCD-8BA0-F2C8972D221C}.Debug|Any CPU.Build.0 = Debug|Any CPU
		{D3FABC46-D372-4DCD-8BA0-F2C8972D221C}.Debug|ARM.ActiveCfg = Debug|Any CPU
		{D3FABC46-D372-4DCD-8BA0-F2C8972D221C}.Debug|ARM.Build.0 = Debug|Any CPU
		{D3FABC46-D372-4DCD-8BA0-F2C8972D221C}.Debug|ARM64.ActiveCfg = Debug|Any CPU
		{D3FABC46-D372-4DCD-8BA0-F2C8972D221C}.Debug|ARM64.Build.0 = Debug|Any CPU
		{D3FABC46-D372-4DCD-8BA0-F2C8972D221C}.Debug|x64.ActiveCfg = Debug|Any CPU
		{D3FABC46-D372-4DCD-8BA0-F2C8972D221C}.Debug|x64.Build.0 = Debug|Any CPU
		{D3FABC46-D372-4DCD-8BA0-F2C8972D221C}.Debug|x86.ActiveCfg = Debug|Any CPU
		{D3FABC46-D372-4DCD-8BA0-F2C8972D221C}.Debug|x86.Build.0 = Debug|Any CPU
		{D3FABC46-D372-4DCD-8BA0-F2C8972D221C}.Release|Any CPU.ActiveCfg = Release|Any CPU
		{D3FABC46-D372-4DCD-8BA0-F2C8972D221C}.Release|Any CPU.Build.0 = Release|Any CPU
		{D3FABC46-D372-4DCD-8BA0-F2C8972D221C}.Release|ARM.ActiveCfg = Release|Any CPU
		{D3FABC46-D372-4DCD-8BA0-F2C8972D221C}.Release|ARM.Build.0 = Release|Any CPU
		{D3FABC46-D372-4DCD-8BA0-F2C8972D221C}.Release|ARM64.ActiveCfg = Release|Any CPU
		{D3FABC46-D372-4DCD-8BA0-F2C8972D221C}.Release|ARM64.Build.0 = Release|Any CPU
		{D3FABC46-D372-4DCD-8BA0-F2C8972D221C}.Release|x64.ActiveCfg = Release|Any CPU
		{D3FABC46-D372-4DCD-8BA0-F2C8972D221C}.Release|x64.Build.0 = Release|Any CPU
		{D3FABC46-D372-4DCD-8BA0-F2C8972D221C}.Release|x86.ActiveCfg = Release|Any CPU
		{D3FABC46-D372-4DCD-8BA0-F2C8972D221C}.Release|x86.Build.0 = Release|Any CPU
		{AA33F11B-39F5-4364-81DD-9D8588F398BF}.Debug|Any CPU.ActiveCfg = Debug|Any CPU
		{AA33F11B-39F5-4364-81DD-9D8588F398BF}.Debug|Any CPU.Build.0 = Debug|Any CPU
		{AA33F11B-39F5-4364-81DD-9D8588F398BF}.Debug|ARM.ActiveCfg = Debug|Any CPU
		{AA33F11B-39F5-4364-81DD-9D8588F398BF}.Debug|ARM.Build.0 = Debug|Any CPU
		{AA33F11B-39F5-4364-81DD-9D8588F398BF}.Debug|ARM64.ActiveCfg = Debug|Any CPU
		{AA33F11B-39F5-4364-81DD-9D8588F398BF}.Debug|ARM64.Build.0 = Debug|Any CPU
		{AA33F11B-39F5-4364-81DD-9D8588F398BF}.Debug|x64.ActiveCfg = Debug|Any CPU
		{AA33F11B-39F5-4364-81DD-9D8588F398BF}.Debug|x64.Build.0 = Debug|Any CPU
		{AA33F11B-39F5-4364-81DD-9D8588F398BF}.Debug|x86.ActiveCfg = Debug|Any CPU
		{AA33F11B-39F5-4364-81DD-9D8588F398BF}.Debug|x86.Build.0 = Debug|Any CPU
		{AA33F11B-39F5-4364-81DD-9D8588F398BF}.Release|Any CPU.ActiveCfg = Release|Any CPU
		{AA33F11B-39F5-4364-81DD-9D8588F398BF}.Release|Any CPU.Build.0 = Release|Any CPU
		{AA33F11B-39F5-4364-81DD-9D8588F398BF}.Release|ARM.ActiveCfg = Release|Any CPU
		{AA33F11B-39F5-4364-81DD-9D8588F398BF}.Release|ARM.Build.0 = Release|Any CPU
		{AA33F11B-39F5-4364-81DD-9D8588F398BF}.Release|ARM64.ActiveCfg = Release|Any CPU
		{AA33F11B-39F5-4364-81DD-9D8588F398BF}.Release|ARM64.Build.0 = Release|Any CPU
		{AA33F11B-39F5-4364-81DD-9D8588F398BF}.Release|x64.ActiveCfg = Release|Any CPU
		{AA33F11B-39F5-4364-81DD-9D8588F398BF}.Release|x64.Build.0 = Release|Any CPU
		{AA33F11B-39F5-4364-81DD-9D8588F398BF}.Release|x86.ActiveCfg = Release|Any CPU
		{AA33F11B-39F5-4364-81DD-9D8588F398BF}.Release|x86.Build.0 = Release|Any CPU
		{CEE6BC10-2907-4506-937E-EBA807C6BD7C}.Debug|Any CPU.ActiveCfg = Debug|Any CPU
		{CEE6BC10-2907-4506-937E-EBA807C6BD7C}.Debug|Any CPU.Build.0 = Debug|Any CPU
		{CEE6BC10-2907-4506-937E-EBA807C6BD7C}.Debug|ARM.ActiveCfg = Debug|Any CPU
		{CEE6BC10-2907-4506-937E-EBA807C6BD7C}.Debug|ARM.Build.0 = Debug|Any CPU
		{CEE6BC10-2907-4506-937E-EBA807C6BD7C}.Debug|ARM64.ActiveCfg = Debug|Any CPU
		{CEE6BC10-2907-4506-937E-EBA807C6BD7C}.Debug|ARM64.Build.0 = Debug|Any CPU
		{CEE6BC10-2907-4506-937E-EBA807C6BD7C}.Debug|x64.ActiveCfg = Debug|Any CPU
		{CEE6BC10-2907-4506-937E-EBA807C6BD7C}.Debug|x64.Build.0 = Debug|Any CPU
		{CEE6BC10-2907-4506-937E-EBA807C6BD7C}.Debug|x86.ActiveCfg = Debug|Any CPU
		{CEE6BC10-2907-4506-937E-EBA807C6BD7C}.Debug|x86.Build.0 = Debug|Any CPU
		{CEE6BC10-2907-4506-937E-EBA807C6BD7C}.Release|Any CPU.ActiveCfg = Release|Any CPU
		{CEE6BC10-2907-4506-937E-EBA807C6BD7C}.Release|Any CPU.Build.0 = Release|Any CPU
		{CEE6BC10-2907-4506-937E-EBA807C6BD7C}.Release|ARM.ActiveCfg = Release|Any CPU
		{CEE6BC10-2907-4506-937E-EBA807C6BD7C}.Release|ARM.Build.0 = Release|Any CPU
		{CEE6BC10-2907-4506-937E-EBA807C6BD7C}.Release|ARM64.ActiveCfg = Release|Any CPU
		{CEE6BC10-2907-4506-937E-EBA807C6BD7C}.Release|ARM64.Build.0 = Release|Any CPU
		{CEE6BC10-2907-4506-937E-EBA807C6BD7C}.Release|x64.ActiveCfg = Release|Any CPU
		{CEE6BC10-2907-4506-937E-EBA807C6BD7C}.Release|x64.Build.0 = Release|Any CPU
		{CEE6BC10-2907-4506-937E-EBA807C6BD7C}.Release|x86.ActiveCfg = Release|Any CPU
		{CEE6BC10-2907-4506-937E-EBA807C6BD7C}.Release|x86.Build.0 = Release|Any CPU
		{234B10D8-3250-4339-A693-71B27927A139}.Debug|Any CPU.ActiveCfg = Debug|Any CPU
		{234B10D8-3250-4339-A693-71B27927A139}.Debug|Any CPU.Build.0 = Debug|Any CPU
		{234B10D8-3250-4339-A693-71B27927A139}.Debug|ARM.ActiveCfg = Debug|Any CPU
		{234B10D8-3250-4339-A693-71B27927A139}.Debug|ARM.Build.0 = Debug|Any CPU
		{234B10D8-3250-4339-A693-71B27927A139}.Debug|ARM64.ActiveCfg = Debug|Any CPU
		{234B10D8-3250-4339-A693-71B27927A139}.Debug|ARM64.Build.0 = Debug|Any CPU
		{234B10D8-3250-4339-A693-71B27927A139}.Debug|x64.ActiveCfg = Debug|Any CPU
		{234B10D8-3250-4339-A693-71B27927A139}.Debug|x64.Build.0 = Debug|Any CPU
		{234B10D8-3250-4339-A693-71B27927A139}.Debug|x86.ActiveCfg = Debug|Any CPU
		{234B10D8-3250-4339-A693-71B27927A139}.Debug|x86.Build.0 = Debug|Any CPU
		{234B10D8-3250-4339-A693-71B27927A139}.Release|Any CPU.ActiveCfg = Release|Any CPU
		{234B10D8-3250-4339-A693-71B27927A139}.Release|Any CPU.Build.0 = Release|Any CPU
		{234B10D8-3250-4339-A693-71B27927A139}.Release|ARM.ActiveCfg = Release|Any CPU
		{234B10D8-3250-4339-A693-71B27927A139}.Release|ARM.Build.0 = Release|Any CPU
		{234B10D8-3250-4339-A693-71B27927A139}.Release|ARM64.ActiveCfg = Release|Any CPU
		{234B10D8-3250-4339-A693-71B27927A139}.Release|ARM64.Build.0 = Release|Any CPU
		{234B10D8-3250-4339-A693-71B27927A139}.Release|x64.ActiveCfg = Release|Any CPU
		{234B10D8-3250-4339-A693-71B27927A139}.Release|x64.Build.0 = Release|Any CPU
		{234B10D8-3250-4339-A693-71B27927A139}.Release|x86.ActiveCfg = Release|Any CPU
		{234B10D8-3250-4339-A693-71B27927A139}.Release|x86.Build.0 = Release|Any CPU
		{BA9A0FF4-6AE1-4056-BDD4-3EBAAA4DEFC8}.Debug|Any CPU.ActiveCfg = Debug|Any CPU
		{BA9A0FF4-6AE1-4056-BDD4-3EBAAA4DEFC8}.Debug|Any CPU.Build.0 = Debug|Any CPU
		{BA9A0FF4-6AE1-4056-BDD4-3EBAAA4DEFC8}.Debug|ARM.ActiveCfg = Debug|Any CPU
		{BA9A0FF4-6AE1-4056-BDD4-3EBAAA4DEFC8}.Debug|ARM.Build.0 = Debug|Any CPU
		{BA9A0FF4-6AE1-4056-BDD4-3EBAAA4DEFC8}.Debug|ARM64.ActiveCfg = Debug|Any CPU
		{BA9A0FF4-6AE1-4056-BDD4-3EBAAA4DEFC8}.Debug|ARM64.Build.0 = Debug|Any CPU
		{BA9A0FF4-6AE1-4056-BDD4-3EBAAA4DEFC8}.Debug|x64.ActiveCfg = Debug|Any CPU
		{BA9A0FF4-6AE1-4056-BDD4-3EBAAA4DEFC8}.Debug|x64.Build.0 = Debug|Any CPU
		{BA9A0FF4-6AE1-4056-BDD4-3EBAAA4DEFC8}.Debug|x86.ActiveCfg = Debug|Any CPU
		{BA9A0FF4-6AE1-4056-BDD4-3EBAAA4DEFC8}.Debug|x86.Build.0 = Debug|Any CPU
		{BA9A0FF4-6AE1-4056-BDD4-3EBAAA4DEFC8}.Release|Any CPU.ActiveCfg = Release|Any CPU
		{BA9A0FF4-6AE1-4056-BDD4-3EBAAA4DEFC8}.Release|Any CPU.Build.0 = Release|Any CPU
		{BA9A0FF4-6AE1-4056-BDD4-3EBAAA4DEFC8}.Release|ARM.ActiveCfg = Release|Any CPU
		{BA9A0FF4-6AE1-4056-BDD4-3EBAAA4DEFC8}.Release|ARM.Build.0 = Release|Any CPU
		{BA9A0FF4-6AE1-4056-BDD4-3EBAAA4DEFC8}.Release|ARM64.ActiveCfg = Release|Any CPU
		{BA9A0FF4-6AE1-4056-BDD4-3EBAAA4DEFC8}.Release|ARM64.Build.0 = Release|Any CPU
		{BA9A0FF4-6AE1-4056-BDD4-3EBAAA4DEFC8}.Release|x64.ActiveCfg = Release|Any CPU
		{BA9A0FF4-6AE1-4056-BDD4-3EBAAA4DEFC8}.Release|x64.Build.0 = Release|Any CPU
		{BA9A0FF4-6AE1-4056-BDD4-3EBAAA4DEFC8}.Release|x86.ActiveCfg = Release|Any CPU
		{BA9A0FF4-6AE1-4056-BDD4-3EBAAA4DEFC8}.Release|x86.Build.0 = Release|Any CPU
	EndGlobalSection
	GlobalSection(SolutionProperties) = preSolution
		HideSolutionNode = FALSE
	EndGlobalSection
	GlobalSection(NestedProjects) = preSolution
		{797578C6-37F9-46F8-A2FE-EE2418B6F1B8} = {56160BAD-F64E-410B-88C3-B385A8200FBE}
		{06B7E4DB-B178-43BE-BFFD-6B0BD6F63028} = {56160BAD-F64E-410B-88C3-B385A8200FBE}
		{AA33F11B-39F5-4364-81DD-9D8588F398BF} = {56160BAD-F64E-410B-88C3-B385A8200FBE}
		{234B10D8-3250-4339-A693-71B27927A139} = {56160BAD-F64E-410B-88C3-B385A8200FBE}
		{BA9A0FF4-6AE1-4056-BDD4-3EBAAA4DEFC8} = {56160BAD-F64E-410B-88C3-B385A8200FBE}
	EndGlobalSection
	GlobalSection(ExtensibilityGlobals) = postSolution
		SolutionGuid = {0D7AEAC5-150D-4C4D-90E8-3330DFD330CB}
	EndGlobalSection
EndGlobal
